
Microsoft Visual Studio Solution File, Format Version 12.00
# Visual Studio Version 17
VisualStudioVersion = 17.14.37027.9 d17.14
MinimumVisualStudioVersion = 10.0.40219.1
Project("{FAE04EC0-301F-11D3-BF4B-00C04F79EFBC}") = "Student", "Student.csproj", "{A78FE83A-D37F-47EF-8763-407A26D86020}"
EndProject
Global
	GlobalSection(SolutionConfigurationPlatforms) = preSolution
		Debug|Any CPU = Debug|Any CPU
		Release|Any CPU = Release|Any CPU
	EndGlobalSection
	GlobalSection(ProjectConfigurationPlatforms) = postSolution
		{A78FE83A-D37F-47EF-8763-407A26D86020}.Debug|Any CPU.ActiveCfg = Debug|Any CPU
		{A78FE83A-D37F-47EF-8763-407A26D86020}.Debug|Any CPU.Build.0 = Debug|Any CPU
		{A78FE83A-D37F-47EF-8763-407A26D86020}.Release|Any CPU.ActiveCfg = Release|Any CPU
		{A78FE83A-D37F-47EF-8763-407A26D86020}.Release|Any CPU.Build.0 = Release|Any CPU
	EndGlobalSection
	GlobalSection(SolutionProperties) = preSolution
		HideSolutionNode = FALSE
	EndGlobalSection
	GlobalSection(ExtensibilityGlobals) = postSolution
		SolutionGuid = {33BDD88B-90B8-4921-B7DC-6BB7881DD950}
	EndGlobalSection
EndGlobal
